{
  "requires": true,
  "lockfileVersion": 1,
  "dependencies": {
    "react-websocket": {
      "version": "2.0.1",
      "resolved": "https://registry.npmjs.org/react-websocket/-/react-websocket-2.0.1.tgz",
      "integrity": "sha512-urKyhzYIEMaU9oeJqAN75B5KaZvTJ7lhx05ODSg8jyHA/9ym8tOvD7YE00cxTpb0irrE1eXWCUm7Xyi3RW07cg=="
    }
  }
}
